
Microsoft Visual Studio Solution File, Format Version 12.00
# Visual Studio Version 17
VisualStudioVersion = 17.0.31903.59
MinimumVisualStudioVersion = 10.0.40219.1
Project("{FAE04EC0-301F-11D3-BF4B-00C04F79EFBC}") = "FilmArsivi", "FilmArsivi.csproj", "{F27DFA2E-DCA0-4F5A-A0B9-30922DC51E04}"
EndProject
Global
	GlobalSection(SolutionConfigurationPlatforms) = preSolution
		Debug|Any CPU = Debug|Any CPU
		Release|Any CPU = Release|Any CPU
	EndGlobalSection
	GlobalSection(ProjectConfigurationPlatforms) = postSolution
		{F27DFA2E-DCA0-4F5A-A0B9-30922DC51E04}.Debug|Any CPU.ActiveCfg = Debug|Any CPU
		{F27DFA2E-DCA0-4F5A-A0B9-30922DC51E04}.Debug|Any CPU.Build.0 = Debug|Any CPU
		{F27DFA2E-DCA0-4F5A-A0B9-30922DC51E04}.Release|Any CPU.ActiveCfg = Release|Any CPU
		{F27DFA2E-DCA0-4F5A-A0B9-30922DC51E04}.Release|Any CPU.Build.0 = Release|Any CPU
	EndGlobalSection
	GlobalSection(SolutionProperties) = preSolution
		HideSolutionNode = FALSE
	EndGlobalSection
	GlobalSection(ExtensibilityGlobals) = postSolution
		SolutionGuid = {B547474E-4732-4BC7-A14E-65608E017E10}
	EndGlobalSection
EndGlobal
