
Microsoft Visual Studio Solution File, Format Version 12.00
# Visual Studio Version 17
VisualStudioVersion = 17.2.32526.322
MinimumVisualStudioVersion = 10.0.40219.1
Project("{FAE04EC0-301F-11D3-BF4B-00C04F79EFBC}") = "Quiz_Uygulaması", "Quiz_Uygulaması.csproj", "{EAF7688A-5FB0-4999-8BF4-A48A4E3C6434}"
EndProject
Global
	GlobalSection(SolutionConfigurationPlatforms) = preSolution
		Debug|Any CPU = Debug|Any CPU
		Release|Any CPU = Release|Any CPU
	EndGlobalSection
	GlobalSection(ProjectConfigurationPlatforms) = postSolution
		{EAF7688A-5FB0-4999-8BF4-A48A4E3C6434}.Debug|Any CPU.ActiveCfg = Debug|Any CPU
		{EAF7688A-5FB0-4999-8BF4-A48A4E3C6434}.Debug|Any CPU.Build.0 = Debug|Any CPU
		{EAF7688A-5FB0-4999-8BF4-A48A4E3C6434}.Release|Any CPU.ActiveCfg = Release|Any CPU
		{EAF7688A-5FB0-4999-8BF4-A48A4E3C6434}.Release|Any CPU.Build.0 = Release|Any CPU
	EndGlobalSection
	GlobalSection(SolutionProperties) = preSolution
		HideSolutionNode = FALSE
	EndGlobalSection
	GlobalSection(ExtensibilityGlobals) = postSolution
		SolutionGuid = {90727F76-0B7A-497A-9796-5A170E5140B0}
	EndGlobalSection
EndGlobal
