
Microsoft Visual Studio Solution File, Format Version 12.00
# Visual Studio Version 17
VisualStudioVersion = 17.0.31903.59
MinimumVisualStudioVersion = 10.0.40219.1
Project("{FAE04EC0-301F-11D3-BF4B-00C04F79EFBC}") = "Personel_Kayıt", "Personel_Kayıt.csproj", "{A209256B-89B3-4BFF-8716-F8DF7FA51344}"
EndProject
Global
	GlobalSection(SolutionConfigurationPlatforms) = preSolution
		Debug|Any CPU = Debug|Any CPU
		Release|Any CPU = Release|Any CPU
	EndGlobalSection
	GlobalSection(ProjectConfigurationPlatforms) = postSolution
		{A209256B-89B3-4BFF-8716-F8DF7FA51344}.Debug|Any CPU.ActiveCfg = Debug|Any CPU
		{A209256B-89B3-4BFF-8716-F8DF7FA51344}.Debug|Any CPU.Build.0 = Debug|Any CPU
		{A209256B-89B3-4BFF-8716-F8DF7FA51344}.Release|Any CPU.ActiveCfg = Release|Any CPU
		{A209256B-89B3-4BFF-8716-F8DF7FA51344}.Release|Any CPU.Build.0 = Release|Any CPU
	EndGlobalSection
	GlobalSection(SolutionProperties) = preSolution
		HideSolutionNode = FALSE
	EndGlobalSection
	GlobalSection(ExtensibilityGlobals) = postSolution
		SolutionGuid = {63259BC3-4CF7-4772-9E60-8790F7885322}
	EndGlobalSection
EndGlobal
