
Microsoft Visual Studio Solution File, Format Version 12.00
# Visual Studio Version 17
VisualStudioVersion = 17.0.31903.59
MinimumVisualStudioVersion = 10.0.40219.1
Project("{FAE04EC0-301F-11D3-BF4B-00C04F79EFBC}") = "SonDers", "SonDers.csproj", "{7C78A65B-36C2-4B89-9E17-1B75C876B627}"
EndProject
Global
	GlobalSection(SolutionConfigurationPlatforms) = preSolution
		Debug|Any CPU = Debug|Any CPU
		Release|Any CPU = Release|Any CPU
	EndGlobalSection
	GlobalSection(ProjectConfigurationPlatforms) = postSolution
		{7C78A65B-36C2-4B89-9E17-1B75C876B627}.Debug|Any CPU.ActiveCfg = Debug|Any CPU
		{7C78A65B-36C2-4B89-9E17-1B75C876B627}.Debug|Any CPU.Build.0 = Debug|Any CPU
		{7C78A65B-36C2-4B89-9E17-1B75C876B627}.Release|Any CPU.ActiveCfg = Release|Any CPU
		{7C78A65B-36C2-4B89-9E17-1B75C876B627}.Release|Any CPU.Build.0 = Release|Any CPU
	EndGlobalSection
	GlobalSection(SolutionProperties) = preSolution
		HideSolutionNode = FALSE
	EndGlobalSection
	GlobalSection(ExtensibilityGlobals) = postSolution
		SolutionGuid = {CC4D6FC6-136B-4541-B8A3-56DFCC8C8F02}
	EndGlobalSection
EndGlobal
