
Microsoft Visual Studio Solution File, Format Version 12.00
# Visual Studio Version 17
VisualStudioVersion = 17.0.31903.59
MinimumVisualStudioVersion = 10.0.40219.1
Project("{FAE04EC0-301F-11D3-BF4B-00C04F79EFBC}") = "Hesap Makinesi", "Hesap Makinesi.csproj", "{DBBB1D40-8363-4378-8742-3C0DA769C3CC}"
EndProject
Project("{FAE04EC0-301F-11D3-BF4B-00C04F79EFBC}") = "YeniHesapMakinesi", "..\YeniHesapMakinesi\YeniHesapMakinesi.csproj", "{60EB767D-50CB-449A-9E95-EF9F71162523}"
EndProject
Global
	GlobalSection(SolutionConfigurationPlatforms) = preSolution
		Debug|Any CPU = Debug|Any CPU
		Release|Any CPU = Release|Any CPU
	EndGlobalSection
	GlobalSection(ProjectConfigurationPlatforms) = postSolution
		{DBBB1D40-8363-4378-8742-3C0DA769C3CC}.Debug|Any CPU.ActiveCfg = Debug|Any CPU
		{DBBB1D40-8363-4378-8742-3C0DA769C3CC}.Debug|Any CPU.Build.0 = Debug|Any CPU
		{DBBB1D40-8363-4378-8742-3C0DA769C3CC}.Release|Any CPU.ActiveCfg = Release|Any CPU
		{DBBB1D40-8363-4378-8742-3C0DA769C3CC}.Release|Any CPU.Build.0 = Release|Any CPU
		{60EB767D-50CB-449A-9E95-EF9F71162523}.Debug|Any CPU.ActiveCfg = Debug|Any CPU
		{60EB767D-50CB-449A-9E95-EF9F71162523}.Debug|Any CPU.Build.0 = Debug|Any CPU
		{60EB767D-50CB-449A-9E95-EF9F71162523}.Release|Any CPU.ActiveCfg = Release|Any CPU
		{60EB767D-50CB-449A-9E95-EF9F71162523}.Release|Any CPU.Build.0 = Release|Any CPU
	EndGlobalSection
	GlobalSection(SolutionProperties) = preSolution
		HideSolutionNode = FALSE
	EndGlobalSection
	GlobalSection(ExtensibilityGlobals) = postSolution
		SolutionGuid = {16BDB56E-A546-450F-BD4D-77B5C36F42C4}
	EndGlobalSection
EndGlobal
